// !$*UTF8*$!
{
	archiveVersion = 1;
	classes = {
	};
	objectVersion = 46;
	objects = {

/* Begin PBXBuildFile section */
		8415EAC21945B3250037D7E1 /* main.swift in Sources */ = {isa = PBXBuildFile; fileRef = 8415EAC11945B3250037D7E1 /* main.swift */; };
		8415EAC41945B3250037D7E1 /* AppDelegate.swift in Sources */ = {isa = PBXBuildFile; fileRef = 8415EAC31945B3250037D7E1 /* AppDelegate.swift */; };
		8415EAC61945B3250037D7E1 /* Images.xcassets in Resources */ = {isa = PBXBuildFile; fileRef = 8415EAC51945B3250037D7E1 /* Images.xcassets */; };
		8415EAC91945B3250037D7E1 /* MainMenu.xib in Resources */ = {isa = PBXBuildFile; fileRef = 8415EAC71945B3250037D7E1 /* MainMenu.xib */; };
		8415EAD51945B3260037D7E1 /* __Tests.swift in Sources */ = {isa = PBXBuildFile; fileRef = 8415EAD41945B3260037D7E1 /* __Tests.swift */; };
/* End PBXBuildFile section */

/* Begin PBXContainerItemProxy section */
		8415EACF1945B3250037D7E1 /* PBXContainerItemProxy */ = {
			isa = PBXContainerItemProxy;
			containerPortal = 8415EAB41945B3240037D7E1 /* Project object */;
			proxyType = 1;
			remoteGlobalIDString = 8415EABB1945B3240037D7E1;
			remoteInfo = "实验";
		};
/* End PBXContainerItemProxy section */

/* Begin PBXFileReference section */
		8415EABC1945B3240037D7E1 /* 实验.app */ = {isa = PBXFileReference; explicitFileType = wrapper.application; includeInIndex = 0; path = "实验.app"; sourceTree = BUILT_PRODUCTS_DIR; };
		8415EAC01945B3250037D7E1 /* Info.plist */ = {isa = PBXFileReference; lastKnownFileType = text.plist.xml; path = Info.plist; sourceTree = "<group>"; };
		8415EAC11945B3250037D7E1 /* main.swift */ = {isa = PBXFileReference; lastKnownFileType = sourcecode.swift; path = main.swift; sourceTree = "<group>"; };
		8415EAC31945B3250037D7E1 /* AppDelegate.swift */ = {isa = PBXFileReference; lastKnownFileType = sourcecode.swift; path = AppDelegate.swift; sourceTree = "<group>"; };
		8415EAC51945B3250037D7E1 /* Images.xcassets */ = {isa = PBXFileReference; lastKnownFileType = folder.assetcatalog; path = Images.xcassets; sourceTree = "<group>"; };
		8415EAC81945B3250037D7E1 /* Base */ = {isa = PBXFileReference; lastKnownFileType = file.xib; name = Base; path = Base.lproj/MainMenu.xib; sourceTree = "<group>"; };
		8415EACE1945B3250037D7E1 /* 实验Tests.xctest */ = {isa = PBXFileReference; explicitFileType = wrapper.cfbundle; includeInIndex = 0; path = "实验Tests.xctest"; sourceTree = BUILT_PRODUCTS_DIR; };
		8415EAD31945B3260037D7E1 /* Info.plist */ = {isa = PBXFileReference; lastKnownFileType = text.plist.xml; path = Info.plist; sourceTree = "<group>"; };
		8415EAD41945B3260037D7E1 /* __Tests.swift */ = {isa = PBXFileReference; lastKnownFileType = sourcecode.swift; path = __Tests.swift; sourceTree = "<group>"; };
/* End PBXFileReference section */

/* Begin PBXFrameworksBuildPhase section */
		8415EAB91945B3240037D7E1 /* Frameworks */ = {
			isa = PBXFrameworksBuildPhase;
			buildActionMask = 2147483647;
			files = (
			);
			runOnlyForDeploymentPostprocessing = 0;
		};
		8415EACB1945B3250037D7E1 /* Frameworks */ = {
			isa = PBXFrameworksBuildPhase;
			buildActionMask = 2147483647;
			files = (
			);
			runOnlyForDeploymentPostprocessing = 0;
		};
/* End PBXFrameworksBuildPhase section */

/* Begin PBXGroup section */
		8415EAB31945B3240037D7E1 = {
			isa = PBXGroup;
			children = (
				8415EABE1945B3240037D7E1 /* 实验 */,
				8415EAD11945B3250037D7E1 /* 实验Tests */,
				8415EABD1945B3240037D7E1 /* Products */,
			);
			sourceTree = "<group>";
		};
		8415EABD1945B3240037D7E1 /* Products */ = {
			isa = PBXGroup;
			children = (
				8415EABC1945B3240037D7E1 /* 实验.app */,
				8415EACE1945B3250037D7E1 /* 实验Tests.xctest */,
			);
			name = Products;
			sourceTree = "<group>";
		};
		8415EABE1945B3240037D7E1 /* 实验 */ = {
			isa = PBXGroup;
			children = (
				8415EAC31945B3250037D7E1 /* AppDelegate.swift */,
				8415EAC51945B3250037D7E1 /* Images.xcassets */,
				8415EAC71945B3250037D7E1 /* MainMenu.xib */,
				8415EABF1945B3250037D7E1 /* Supporting Files */,
			);
			path = "实验";
			sourceTree = "<group>";
		};
		8415EABF1945B3250037D7E1 /* Supporting Files */ = {
			isa = PBXGroup;
			children = (
				8415EAC01945B3250037D7E1 /* Info.plist */,
				8415EAC11945B3250037D7E1 /* main.swift */,
			);
			name = "Supporting Files";
			sourceTree = "<group>";
		};
		8415EAD11945B3250037D7E1 /* 实验Tests */ = {
			isa = PBXGroup;
			children = (
				8415EAD41945B3260037D7E1 /* __Tests.swift */,
				8415EAD21945B3260037D7E1 /* Supporting Files */,
			);
			path = "实验Tests";
			sourceTree = "<group>";
		};
		8415EAD21945B3260037D7E1 /* Supporting Files */ = {
			isa = PBXGroup;
			children = (
				8415EAD31945B3260037D7E1 /* Info.plist */,
			);
			name = "Supporting Files";
			sourceTree = "<group>";
		};
/* End PBXGroup section */

/* Begin PBXNativeTarget section */
		8415EABB1945B3240037D7E1 /* 实验 */ = {
			isa = PBXNativeTarget;
			buildConfigurationList = 8415EAD81945B3260037D7E1 /* Build configuration list for PBXNativeTarget "实验" */;
			buildPhases = (
				8415EAB81945B3240037D7E1 /* Sources */,
				8415EAB91945B3240037D7E1 /* Frameworks */,
				8415EABA1945B3240037D7E1 /* Resources */,
			);
			buildRules = (
			);
			dependencies = (
			);
			name = "实验";
			productName = "实验";
			productReference = 8415EABC1945B3240037D7E1 /* 实验.app */;
			productType = "com.apple.product-type.application";
		};
		8415EACD1945B3250037D7E1 /* 实验Tests */ = {
			isa = PBXNativeTarget;
			buildConfigurationList = 8415EADB1945B3260037D7E1 /* Build configuration list for PBXNativeTarget "实验Tests" */;
			buildPhases = (
				8415EACA1945B3250037D7E1 /* Sources */,
				8415EACB1945B3250037D7E1 /* Frameworks */,
				8415EACC1945B3250037D7E1 /* Resources */,
			);
			buildRules = (
			);
			dependencies = (
				8415EAD01945B3250037D7E1 /* PBXTargetDependency */,
			);
			name = "实验Tests";
			productName = "实验Tests";
			productReference = 8415EACE1945B3250037D7E1 /* 实验Tests.xctest */;
			productType = "com.apple.product-type.bundle.unit-test";
		};
/* End PBXNativeTarget section */

/* Begin PBXProject section */
		8415EAB41945B3240037D7E1 /* Project object */ = {
			isa = PBXProject;
			attributes = {
				LastUpgradeCheck = 0600;
				ORGANIZATIONNAME = linlu;
				TargetAttributes = {
					8415EABB1945B3240037D7E1 = {
						CreatedOnToolsVersion = 6.0;
					};
					8415EACD1945B3250037D7E1 = {
						CreatedOnToolsVersion = 6.0;
						TestTargetID = 8415EABB1945B3240037D7E1;
					};
				};
			};
			buildConfigurationList = 8415EAB71945B3240037D7E1 /* Build configuration list for PBXProject "实验" */;
			compatibilityVersion = "Xcode 3.2";
			developmentRegion = English;
			hasScannedForEncodings = 0;
			knownRegions = (
				en,
				Base,
			);
			mainGroup = 8415EAB31945B3240037D7E1;
			productRefGroup = 8415EABD1945B3240037D7E1 /* Products */;
			projectDirPath = "";
			projectRoot = "";
			targets = (
				8415EABB1945B3240037D7E1 /* 实验 */,
				8415EACD1945B3250037D7E1 /* 实验Tests */,
			);
		};
/* End PBXProject section */

/* Begin PBXResourcesBuildPhase section */
		8415EABA1945B3240037D7E1 /* Resources */ = {
			isa = PBXResourcesBuildPhase;
			buildActionMask = 2147483647;
			files = (
				8415EAC61945B3250037D7E1 /* Images.xcassets in Resources */,
				8415EAC91945B3250037D7E1 /* MainMenu.xib in Resources */,
			);
			runOnlyForDeploymentPostprocessing = 0;
		};
		8415EACC1945B3250037D7E1 /* Resources */ = {
			isa = PBXResourcesBuildPhase;
			buildActionMask = 2147483647;
			files = (
			);
			runOnlyForDeploymentPostprocessing = 0;
		};
/* End PBXResourcesBuildPhase section */

/* Begin PBXSourcesBuildPhase section */
		8415EAB81945B3240037D7E1 /* Sources */ = {
			isa = PBXSourcesBuildPhase;
			buildActionMask = 2147483647;
			files = (
				8415EAC41945B3250037D7E1 /* AppDelegate.swift in Sources */,
				8415EAC21945B3250037D7E1 /* main.swift in Sources */,
			);
			runOnlyForDeploymentPostprocessing = 0;
		};
		8415EACA1945B3250037D7E1 /* Sources */ = {
			isa = PBXSourcesBuildPhase;
			buildActionMask = 2147483647;
			files = (
				8415EAD51945B3260037D7E1 /* __Tests.swift in Sources */,
			);
			runOnlyForDeploymentPostprocessing = 0;
		};
/* End PBXSourcesBuildPhase section */

/* Begin PBXTargetDependency section */
		8415EAD01945B3250037D7E1 /* PBXTargetDependency */ = {
			isa = PBXTargetDependency;
			target = 8415EABB1945B3240037D7E1 /* 实验 */;
			targetProxy = 8415EACF1945B3250037D7E1 /* PBXContainerItemProxy */;
		};
/* End PBXTargetDependency section */

/* Begin PBXVariantGroup section */
		8415EAC71945B3250037D7E1 /* MainMenu.xib */ = {
			isa = PBXVariantGroup;
			children = (
				8415EAC81945B3250037D7E1 /* Base */,
			);
			name = MainMenu.xib;
			sourceTree = "<group>";
		};
/* End PBXVariantGroup section */

/* Begin XCBuildConfiguration section */
		8415EAD61945B3260037D7E1 /* Debug */ = {
			isa = XCBuildConfiguration;
			buildSettings = {
				ALWAYS_SEARCH_USER_PATHS = NO;
				CLANG_CXX_LANGUAGE_STANDARD = "gnu++0x";
				CLANG_CXX_LIBRARY = "libc++";
				CLANG_ENABLE_MODULES = YES;
				CLANG_ENABLE_OBJC_ARC = YES;
				CLANG_WARN_BOOL_CONVERSION = YES;
				CLANG_WARN_CONSTANT_CONVERSION = YES;
				CLANG_WARN_DIRECT_OBJC_ISA_USAGE = YES_ERROR;
				CLANG_WARN_EMPTY_BODY = YES;
				CLANG_WARN_ENUM_CONVERSION = YES;
				CLANG_WARN_INT_CONVERSION = YES;
				CLANG_WARN_OBJC_ROOT_CLASS = YES_ERROR;
				CLANG_WARN_UNREACHABLE_CODE = YES;
				CLANG_WARN__DUPLICATE_METHOD_MATCH = YES;
				CODE_SIGN_IDENTITY = "-";
				COPY_PHASE_STRIP = NO;
				ENABLE_STRICT_OBJC_MSGSEND = YES;
				GCC_C_LANGUAGE_STANDARD = gnu99;
				GCC_DYNAMIC_NO_PIC = NO;
				GCC_OPTIMIZATION_LEVEL = 0;
				GCC_PREPROCESSOR_DEFINITIONS = (
					"DEBUG=1",
					"$(inherited)",
				);
				GCC_SYMBOLS_PRIVATE_EXTERN = NO;
				GCC_WARN_64_TO_32_BIT_CONVERSION = YES;
				GCC_WARN_ABOUT_RETURN_TYPE = YES_ERROR;
				GCC_WARN_UNDECLARED_SELECTOR = YES;
				GCC_WARN_UNINITIALIZED_AUTOS = YES_AGGRESSIVE;
				GCC_WARN_UNUSED_FUNCTION = YES;
				GCC_WARN_UNUSED_VARIABLE = YES;
				MACOSX_DEPLOYMENT_TARGET = 10.9;
				METAL_ENABLE_DEBUG_INFO = YES;
				ONLY_ACTIVE_ARCH = YES;
				SDKROOT = macosx;
				SWIFT_OPTIMIZATION_LEVEL = "-Onone";
			};
			name = Debug;
		};
		8415EAD71945B3260037D7E1 /* Release */ = {
			isa = XCBuildConfiguration;
			buildSettings = {
				ALWAYS_SEARCH_USER_PATHS = NO;
				CLANG_CXX_LANGUAGE_STANDARD = "gnu++0x";
				CLANG_CXX_LIBRARY = "libc++";
				CLANG_ENABLE_MODULES = YES;
				CLANG_ENABLE_OBJC_ARC = YES;
				CLANG_WARN_BOOL_CONVERSION = YES;
				CLANG_WARN_CONSTANT_CONVERSION = YES;
				CLANG_WARN_DIRECT_OBJC_ISA_USAGE = YES_ERROR;
				CLANG_WARN_EMPTY_BODY = YES;
				CLANG_WARN_ENUM_CONVERSION = YES;
				CLANG_WARN_INT_CONVERSION = YES;
				CLANG_WARN_OBJC_ROOT_CLASS = YES_ERROR;
				CLANG_WARN_UNREACHABLE_CODE = YES;
				CLANG_WARN__DUPLICATE_METHOD_MATCH = YES;
				CODE_SIGN_IDENTITY = "-";
				COPY_PHASE_STRIP = YES;
				DEBUG_INFORMATION_FORMAT = "dwarf-with-dsym";
				ENABLE_NS_ASSERTIONS = NO;
				ENABLE_STRICT_OBJC_MSGSEND = YES;
				GCC_C_LANGUAGE_STANDARD = gnu99;
				GCC_WARN_64_TO_32_BIT_CONVERSION = YES;
				GCC_WARN_ABOUT_RETURN_TYPE = YES_ERROR;
				GCC_WARN_UNDECLARED_SELECTOR = YES;
				GCC_WARN_UNINITIALIZED_AUTOS = YES_AGGRESSIVE;
				GCC_WARN_UNUSED_FUNCTION = YES;
				GCC_WARN_UNUSED_VARIABLE = YES;
				MACOSX_DEPLOYMENT_TARGET = 10.9;
				METAL_ENABLE_DEBUG_INFO = NO;
				SDKROOT = macosx;
			};
			name = Release;
		};
		8415EAD91945B3260037D7E1 /* Debug */ = {
			isa = XCBuildConfiguration;
			buildSettings = {
				ASSETCATALOG_COMPILER_APPICON_NAME = AppIcon;
				COMBINE_HIDPI_IMAGES = YES;
				INFOPLIST_FILE = "实验/Info.plist";
				LD_RUNPATH_SEARCH_PATHS = "$(inherited) @executable_path/../Frameworks";
				PRODUCT_NAME = "$(TARGET_NAME)";
			};
			name = Debug;
		};
		8415EADA1945B3260037D7E1 /* Release */ = {
			isa = XCBuildConfiguration;
			buildSettings = {
				ASSETCATALOG_COMPILER_APPICON_NAME = AppIcon;
				COMBINE_HIDPI_IMAGES = YES;
				INFOPLIST_FILE = "实验/Info.plist";
				LD_RUNPATH_SEARCH_PATHS = "$(inherited) @executable_path/../Frameworks";
				PRODUCT_NAME = "$(TARGET_NAME)";
			};
			name = Release;
		};
		8415EADC1945B3260037D7E1 /* Debug */ = {
			isa = XCBuildConfiguration;
			buildSettings = {
				BUNDLE_LOADER = "$(BUILT_PRODUCTS_DIR)/实验.app/Contents/MacOS/实验";
				COMBINE_HIDPI_IMAGES = YES;
				FRAMEWORK_SEARCH_PATHS = (
					"$(DEVELOPER_FRAMEWORKS_DIR)",
					"$(inherited)",
				);
				GCC_PREPROCESSOR_DEFINITIONS = (
					"DEBUG=1",
					"$(inherited)",
				);
				INFOPLIST_FILE = "实验Tests/Info.plist";
				LD_RUNPATH_SEARCH_PATHS = "$(inherited) @executable_path/../Frameworks @loader_path/../Frameworks";
				METAL_ENABLE_DEBUG_INFO = YES;
				PRODUCT_NAME = "$(TARGET_NAME)";
				TEST_HOST = "$(BUNDLE_LOADER)";
			};
			name = Debug;
		};
		8415EADD1945B3260037D7E1 /* Release */ = {
			isa = XCBuildConfiguration;
			buildSettings = {
				BUNDLE_LOADER = "$(BUILT_PRODUCTS_DIR)/实验.app/Contents/MacOS/实验";
				COMBINE_HIDPI_IMAGES = YES;
				FRAMEWORK_SEARCH_PATHS = (
					"$(DEVELOPER_FRAMEWORKS_DIR)",
					"$(inherited)",
				);
				INFOPLIST_FILE = "实验Tests/Info.plist";
				LD_RUNPATH_SEARCH_PATHS = "$(inherited) @executable_path/../Frameworks @loader_path/../Frameworks";
				METAL_ENABLE_DEBUG_INFO = NO;
				PRODUCT_NAME = "$(TARGET_NAME)";
				TEST_HOST = "$(BUNDLE_LOADER)";
			};
			name = Release;
		};
/* End XCBuildConfiguration section */

/* Begin XCConfigurationList section */
		8415EAB71945B3240037D7E1 /* Build configuration list for PBXProject "实验" */ = {
			isa = XCConfigurationList;
			buildConfigurations = (
				8415EAD61945B3260037D7E1 /* Debug */,
				8415EAD71945B3260037D7E1 /* Release */,
			);
			defaultConfigurationIsVisible = 0;
			defaultConfigurationName = Release;
		};
		8415EAD81945B3260037D7E1 /* Build configuration list for PBXNativeTarget "实验" */ = {
			isa = XCConfigurationList;
			buildConfigurations = (
				8415EAD91945B3260037D7E1 /* Debug */,
				8415EADA1945B3260037D7E1 /* Release */,
			);
			defaultConfigurationIsVisible = 0;
		};
		8415EADB1945B3260037D7E1 /* Build configuration list for PBXNativeTarget "实验Tests" */ = {
			isa = XCConfigurationList;
			buildConfigurations = (
				8415EADC1945B3260037D7E1 /* Debug */,
				8415EADD1945B3260037D7E1 /* Release */,
			);
			defaultConfigurationIsVisible = 0;
		};
/* End XCConfigurationList section */
	};
	rootObject = 8415EAB41945B3240037D7E1 /* Project object */;
}
